
Microsoft Visual Studio Solution File, Format Version 12.00
# Visual Studio 15
VisualStudioVersion = 15.0.27130.2036
MinimumVisualStudioVersion = 10.0.40219.1
Project("{E24C65DC-7377-472B-9ABA-BC803B73C61A}") = "CrotchetWitchAndCraft", ".", "{B750A715-989B-4F8B-BB3F-B9356764966D}"
	ProjectSection(WebsiteProperties) = preProject
		TargetFrameworkMoniker = ".NETFramework,Version%3Dv4.7"
		Debug.AspNetCompiler.VirtualPath = "/localhost_57346"
		Debug.AspNetCompiler.PhysicalPath = "..\CrotchetWitchAndCraft\"
		Debug.AspNetCompiler.TargetPath = "PrecompiledWeb\localhost_57346\"
		Debug.AspNetCompiler.Updateable = "true"
		Debug.AspNetCompiler.ForceOverwrite = "true"
		Debug.AspNetCompiler.FixedNames = "false"
		Debug.AspNetCompiler.Debug = "True"
		Release.AspNetCompiler.VirtualPath = "/localhost_57346"
		Release.AspNetCompiler.PhysicalPath = "..\CrotchetWitchAndCraft\"
		Release.AspNetCompiler.TargetPath = "PrecompiledWeb\localhost_57346\"
		Release.AspNetCompiler.Updateable = "true"
		Release.AspNetCompiler.ForceOverwrite = "true"
		Release.AspNetCompiler.FixedNames = "false"
		Release.AspNetCompiler.Debug = "False"
		VWDPort = "57346"
		SlnRelativePath = "..\CrotchetWitchAndCraft\"
		DefaultWebSiteLanguage = "Visual C#"
	EndProjectSection
EndProject
Project("{2150E333-8FDC-42A3-9474-1A3956D46DE8}") = "Solution Items", "Solution Items", "{39DB671A-49BC-4452-961B-F7331A8E0F4A}"
	ProjectSection(SolutionItems) = preProject
		.gitignore = .gitignore
	EndProjectSection
EndProject
Global
	GlobalSection(SolutionConfigurationPlatforms) = preSolution
		Debug|Any CPU = Debug|Any CPU
	EndGlobalSection
	GlobalSection(ProjectConfigurationPlatforms) = postSolution
		{B750A715-989B-4F8B-BB3F-B9356764966D}.Debug|Any CPU.ActiveCfg = Debug|Any CPU
		{B750A715-989B-4F8B-BB3F-B9356764966D}.Debug|Any CPU.Build.0 = Debug|Any CPU
	EndGlobalSection
	GlobalSection(SolutionProperties) = preSolution
		HideSolutionNode = FALSE
	EndGlobalSection
	GlobalSection(ExtensibilityGlobals) = postSolution
		SolutionGuid = {103DF38A-C24D-470E-94A0-D42CB1E00622}
	EndGlobalSection
EndGlobal
